schema: '2.0'
stages:
  generate_data:
    cmd: python src/generate_data.py
    deps:
    - path: src/generate_data.py
      hash: md5
      md5: 31792116023cf8fa4605c42047b3353e
      size: 239
    outs:
    - path: data/data.csv
      hash: md5
      md5: edc791029426d1e48ed51318a3a449c2
      size: 3661
  train_model:
    cmd: python src/train_model.py
    deps:
    - path: data/data.csv
      hash: md5
      md5: edc791029426d1e48ed51318a3a449c2
      size: 3661
    - path: src/train_model.py
      hash: md5
      md5: 4593be9f2a713bc07b1daf84c937d061
      size: 276
    outs:
    - path: model.joblib
      hash: md5
      md5: 6640d5a093b55cd3c119f2f475b1af05
      size: 848
  train_model_v2:
    cmd: python src/train_model_v2.py
    deps:
    - path: data/data.csv
      hash: md5
      md5: edc791029426d1e48ed51318a3a449c2
      size: 3661
    - path: src/train_model_v2.py
      hash: md5
      md5: 81dc159526dfe7ff98fd0a1d90bd3d5c
      size: 379
    outs:
    - path: model_v2.joblib
      hash: md5
      md5: 6640d5a093b55cd3c119f2f475b1af05
      size: 848
  train_model_v3:
    cmd: python src/train_model_v3.py
    deps:
    - path: data/data.csv
      hash: md5
      md5: edc791029426d1e48ed51318a3a449c2
      size: 3661
    - path: src/train_model_v3.py
      hash: md5
      md5: f26305cf556a0d8bcb8003c27dfa8c81
      size: 378
    outs:
    - path: model_v3.joblib
      hash: md5
      md5: 6640d5a093b55cd3c119f2f475b1af05
      size: 848
  train_model_v4:
    cmd: python src/train_model_v4.py
    deps:
    - path: data/data.csv
      hash: md5
      md5: edc791029426d1e48ed51318a3a449c2
      size: 3661
    - path: src/train_model_v4.py
      hash: md5
      md5: 2625dd72c6482ffff28d71199348eda0
      size: 399
    outs:
    - path: model_v4.joblib
      hash: md5
      md5: 91691d4e5df292531fc039c3ef562cb3
      size: 848
